
Microsoft Visual Studio Solution File, Format Version 12.00
# Visual Studio Version 17
VisualStudioVersion = 17.1.32328.378
MinimumVisualStudioVersion = 10.0.40219.1
Project("{9A19103F-16F7-4668-BE54-9A1E7A4F7556}") = "XMapper", "XMapper\XMapper.csproj", "{ED6413CD-00D4-4A54-A9FE-CCE4FC6CD7DA}"
EndProject
Project("{9A19103F-16F7-4668-BE54-9A1E7A4F7556}") = "XMapper.Tests", "XMapper.Tests\XMapper.Tests.csproj", "{E0B2CD89-47AD-4CB0-AC02-1E0B31D7A31D}"
EndProject
Project("{2150E333-8FDC-42A3-9474-1A3956D46DE8}") = "Solution Items", "Solution Items", "{37E4FF85-C1F2-4C25-A2C7-C16D333A0FEE}"
	ProjectSection(SolutionItems) = preProject
		.editorconfig = .editorconfig
		README.md = README.md
	EndProjectSection
EndProject
Global
	GlobalSection(SolutionConfigurationPlatforms) = preSolution
		Debug|Any CPU = Debug|Any CPU
		Release|Any CPU = Release|Any CPU
	EndGlobalSection
	GlobalSection(ProjectConfigurationPlatforms) = postSolution
		{ED6413CD-00D4-4A54-A9FE-CCE4FC6CD7DA}.Debug|Any CPU.ActiveCfg = Debug|Any CPU
		{ED6413CD-00D4-4A54-A9FE-CCE4FC6CD7DA}.Debug|Any CPU.Build.0 = Debug|Any CPU
		{ED6413CD-00D4-4A54-A9FE-CCE4FC6CD7DA}.Release|Any CPU.ActiveCfg = Release|Any CPU
		{ED6413CD-00D4-4A54-A9FE-CCE4FC6CD7DA}.Release|Any CPU.Build.0 = Release|Any CPU
		{E0B2CD89-47AD-4CB0-AC02-1E0B31D7A31D}.Debug|Any CPU.ActiveCfg = Debug|Any CPU
		{E0B2CD89-47AD-4CB0-AC02-1E0B31D7A31D}.Debug|Any CPU.Build.0 = Debug|Any CPU
		{E0B2CD89-47AD-4CB0-AC02-1E0B31D7A31D}.Release|Any CPU.ActiveCfg = Release|Any CPU
		{E0B2CD89-47AD-4CB0-AC02-1E0B31D7A31D}.Release|Any CPU.Build.0 = Release|Any CPU
	EndGlobalSection
	GlobalSection(SolutionProperties) = preSolution
		HideSolutionNode = FALSE
	EndGlobalSection
	GlobalSection(ExtensibilityGlobals) = postSolution
		SolutionGuid = {5F8A7710-CA2A-4DCE-B143-D2C42A37F371}
	EndGlobalSection
EndGlobal
